
Microsoft Visual Studio Solution File, Format Version 12.00
# Visual Studio Version 17
VisualStudioVersion = 17.9.34902.65
MinimumVisualStudioVersion = 10.0.40219.1
Project("{9A19103F-16F7-4668-BE54-9A1E7A4F7556}") = "ChatDB", "ChatDB\ChatDB.csproj", "{17340435-4E4C-4307-A895-845F8058E4A7}"
EndProject
Project("{2150E333-8FDC-42A3-9474-1A3956D46DE8}") = "Solution Items", "Solution Items", "{17F9BD05-89F9-485D-A030-6EFCC09CEE95}"
	ProjectSection(SolutionItems) = preProject
		README.MD = README.MD
	EndProjectSection
EndProject
Project("{9A19103F-16F7-4668-BE54-9A1E7A4F7556}") = "ChatDBTest", "ChatDBTest\ChatDBTest.csproj", "{E76C12D5-C609-4A04-885D-EF36980E1993}"
EndProject
Project("{9A19103F-16F7-4668-BE54-9A1E7A4F7556}") = "ChatDBServer", "ChatDBServer\ChatDBServer.csproj", "{9907CBA0-DC76-49E1-B30B-051D97C3CAFC}"
EndProject
Project("{9A19103F-16F7-4668-BE54-9A1E7A4F7556}") = "ChatDBClient", "ChatDBClient\ChatDBClient.csproj", "{188C3E87-D837-4821-ACDC-14A8D3004087}"
EndProject
Project("{9A19103F-16F7-4668-BE54-9A1E7A4F7556}") = "ChatDBNet", "ChatDBNet\ChatDBNet.csproj", "{3E2AA4A5-869B-4E38-8841-BA0529D02EBD}"
EndProject
Project("{FAE04EC0-301F-11D3-BF4B-00C04F79EFBC}") = "ChatDBServerMQ", "ChatDBServerMQ\ChatDBServerMQ.csproj", "{55A7A2D7-BEC3-4AC1-BD59-938BC6F63A90}"
EndProject
Project("{FAE04EC0-301F-11D3-BF4B-00C04F79EFBC}") = "ChatDBClientMQ", "ChatDBClientMQ\ChatDBClientMQ.csproj", "{3B8B0270-AA06-4B46-89EA-B4FF914F92F5}"
EndProject
Global
	GlobalSection(SolutionConfigurationPlatforms) = preSolution
		Debug|Any CPU = Debug|Any CPU
		Release|Any CPU = Release|Any CPU
	EndGlobalSection
	GlobalSection(ProjectConfigurationPlatforms) = postSolution
		{17340435-4E4C-4307-A895-845F8058E4A7}.Debug|Any CPU.ActiveCfg = Debug|Any CPU
		{17340435-4E4C-4307-A895-845F8058E4A7}.Debug|Any CPU.Build.0 = Debug|Any CPU
		{17340435-4E4C-4307-A895-845F8058E4A7}.Release|Any CPU.ActiveCfg = Release|Any CPU
		{17340435-4E4C-4307-A895-845F8058E4A7}.Release|Any CPU.Build.0 = Release|Any CPU
		{E76C12D5-C609-4A04-885D-EF36980E1993}.Debug|Any CPU.ActiveCfg = Debug|Any CPU
		{E76C12D5-C609-4A04-885D-EF36980E1993}.Debug|Any CPU.Build.0 = Debug|Any CPU
		{E76C12D5-C609-4A04-885D-EF36980E1993}.Release|Any CPU.ActiveCfg = Release|Any CPU
		{E76C12D5-C609-4A04-885D-EF36980E1993}.Release|Any CPU.Build.0 = Release|Any CPU
		{9907CBA0-DC76-49E1-B30B-051D97C3CAFC}.Debug|Any CPU.ActiveCfg = Debug|Any CPU
		{9907CBA0-DC76-49E1-B30B-051D97C3CAFC}.Debug|Any CPU.Build.0 = Debug|Any CPU
		{9907CBA0-DC76-49E1-B30B-051D97C3CAFC}.Release|Any CPU.ActiveCfg = Release|Any CPU
		{9907CBA0-DC76-49E1-B30B-051D97C3CAFC}.Release|Any CPU.Build.0 = Release|Any CPU
		{188C3E87-D837-4821-ACDC-14A8D3004087}.Debug|Any CPU.ActiveCfg = Debug|Any CPU
		{188C3E87-D837-4821-ACDC-14A8D3004087}.Debug|Any CPU.Build.0 = Debug|Any CPU
		{188C3E87-D837-4821-ACDC-14A8D3004087}.Release|Any CPU.ActiveCfg = Release|Any CPU
		{188C3E87-D837-4821-ACDC-14A8D3004087}.Release|Any CPU.Build.0 = Release|Any CPU
		{3E2AA4A5-869B-4E38-8841-BA0529D02EBD}.Debug|Any CPU.ActiveCfg = Debug|Any CPU
		{3E2AA4A5-869B-4E38-8841-BA0529D02EBD}.Debug|Any CPU.Build.0 = Debug|Any CPU
		{3E2AA4A5-869B-4E38-8841-BA0529D02EBD}.Release|Any CPU.ActiveCfg = Release|Any CPU
		{3E2AA4A5-869B-4E38-8841-BA0529D02EBD}.Release|Any CPU.Build.0 = Release|Any CPU
		{55A7A2D7-BEC3-4AC1-BD59-938BC6F63A90}.Debug|Any CPU.ActiveCfg = Debug|Any CPU
		{55A7A2D7-BEC3-4AC1-BD59-938BC6F63A90}.Debug|Any CPU.Build.0 = Debug|Any CPU
		{55A7A2D7-BEC3-4AC1-BD59-938BC6F63A90}.Release|Any CPU.ActiveCfg = Release|Any CPU
		{55A7A2D7-BEC3-4AC1-BD59-938BC6F63A90}.Release|Any CPU.Build.0 = Release|Any CPU
		{3B8B0270-AA06-4B46-89EA-B4FF914F92F5}.Debug|Any CPU.ActiveCfg = Debug|Any CPU
		{3B8B0270-AA06-4B46-89EA-B4FF914F92F5}.Debug|Any CPU.Build.0 = Debug|Any CPU
		{3B8B0270-AA06-4B46-89EA-B4FF914F92F5}.Release|Any CPU.ActiveCfg = Release|Any CPU
		{3B8B0270-AA06-4B46-89EA-B4FF914F92F5}.Release|Any CPU.Build.0 = Release|Any CPU
	EndGlobalSection
	GlobalSection(SolutionProperties) = preSolution
		HideSolutionNode = FALSE
	EndGlobalSection
	GlobalSection(ExtensibilityGlobals) = postSolution
		SolutionGuid = {4ECB714F-D15D-49AF-A63D-E5ED38E152DA}
	EndGlobalSection
EndGlobal
